
Microsoft Visual Studio Solution File, Format Version 12.00
# Visual Studio Version 17
VisualStudioVersion = 17.10.35027.167
MinimumVisualStudioVersion = 10.0.40219.1
Project("{FAE04EC0-301F-11D3-BF4B-00C04F79EFBC}") = "Snake_Game", "Snake_Game.csproj", "{A0E604F2-7357-41EC-A80C-9837D6AA35E5}"
EndProject
Global
	GlobalSection(SolutionConfigurationPlatforms) = preSolution
		Debug|Any CPU = Debug|Any CPU
		Release|Any CPU = Release|Any CPU
	EndGlobalSection
	GlobalSection(ProjectConfigurationPlatforms) = postSolution
		{A0E604F2-7357-41EC-A80C-9837D6AA35E5}.Debug|Any CPU.ActiveCfg = Debug|Any CPU
		{A0E604F2-7357-41EC-A80C-9837D6AA35E5}.Debug|Any CPU.Build.0 = Debug|Any CPU
		{A0E604F2-7357-41EC-A80C-9837D6AA35E5}.Release|Any CPU.ActiveCfg = Release|Any CPU
		{A0E604F2-7357-41EC-A80C-9837D6AA35E5}.Release|Any CPU.Build.0 = Release|Any CPU
	EndGlobalSection
	GlobalSection(SolutionProperties) = preSolution
		HideSolutionNode = FALSE
	EndGlobalSection
	GlobalSection(ExtensibilityGlobals) = postSolution
		SolutionGuid = {2F713E0C-A81A-45A8-9FA3-C76212EB2C9F}
	EndGlobalSection
EndGlobal
